{
  "originHash" : "e40bacbedb9dfba1611230e63597f26e5356e98972aef649310e3fd1f8e31d3e",
  "pins" : [
    {
      "identity" : "swifttui",
      "kind" : "remoteSourceControl",
      "location" : "https://github.com/rensbreur/SwiftTUI",
      "state" : {
        "branch" : "main",
        "revision" : "537133031bc2b2731048d00748c69700e1b48185"
      }
    }
  ],
  "version" : 3
}
